
Microsoft Visual Studio Solution File, Format Version 12.00
# Visual Studio Version 17
VisualStudioVersion = 17.3.32901.215
MinimumVisualStudioVersion = 10.0.40219.1
Project("{FAE04EC0-301F-11D3-BF4B-00C04F79EFBC}") = "picturebox_ornek", "picturebox_\picturebox_ornek.csproj", "{EE37540D-1CD9-45CA-AE9C-14727305B64D}"
EndProject
Global
	GlobalSection(SolutionConfigurationPlatforms) = preSolution
		Debug|Any CPU = Debug|Any CPU
		Release|Any CPU = Release|Any CPU
	EndGlobalSection
	GlobalSection(ProjectConfigurationPlatforms) = postSolution
		{EE37540D-1CD9-45CA-AE9C-14727305B64D}.Debug|Any CPU.ActiveCfg = Debug|Any CPU
		{EE37540D-1CD9-45CA-AE9C-14727305B64D}.Debug|Any CPU.Build.0 = Debug|Any CPU
		{EE37540D-1CD9-45CA-AE9C-14727305B64D}.Release|Any CPU.ActiveCfg = Release|Any CPU
		{EE37540D-1CD9-45CA-AE9C-14727305B64D}.Release|Any CPU.Build.0 = Release|Any CPU
	EndGlobalSection
	GlobalSection(SolutionProperties) = preSolution
		HideSolutionNode = FALSE
	EndGlobalSection
	GlobalSection(ExtensibilityGlobals) = postSolution
		SolutionGuid = {65507A7B-3E45-4543-B38E-8B6A30A90BFA}
	EndGlobalSection
EndGlobal
